
Microsoft Visual Studio Solution File, Format Version 12.00
# Visual Studio Version 16
VisualStudioVersion = 16.0.30413.136
MinimumVisualStudioVersion = 10.0.40219.1
Project("{9A19103F-16F7-4668-BE54-9A1E7A4F7556}") = "Gherkin.Catalogue.Api", "Gherkin.Catalogue.Api\Gherkin.Catalogue.Api.csproj", "{6EE86E4C-84D9-4E4F-A676-73465260721D}"
EndProject
Project("{9A19103F-16F7-4668-BE54-9A1E7A4F7556}") = "Gherkin.Catalogue.WebClient", "Gherkin.Catalogue.WebClient\Gherkin.Catalogue.WebClient.csproj", "{590184EE-A0A2-4424-BBCA-5BD388C24047}"
EndProject
Project("{9A19103F-16F7-4668-BE54-9A1E7A4F7556}") = "Gherkin.Catalogue.Core", "Gherkin.Catalogue.Core\Gherkin.Catalogue.Core.csproj", "{B690C8B9-373E-42E5-9801-B17D71160CBC}"
EndProject
Project("{9A19103F-16F7-4668-BE54-9A1E7A4F7556}") = "Gherkin.Catalogue.FunctionApp", "Gherkin.Catalogue.FunctionApp\Gherkin.Catalogue.FunctionApp.csproj", "{2D68A623-1911-406D-B38B-71960842B300}"
EndProject
Project("{FAE04EC0-301F-11D3-BF4B-00C04F79EFBC}") = "Gherkin.Catalogue.WebClient.NetFramework", "Gherkin.Catalogue.WebClient.NetFramework\Gherkin.Catalogue.WebClient.NetFramework.csproj", "{D4960069-0AB5-42D5-B711-722681DBCA0F}"
EndProject
Global
	GlobalSection(SolutionConfigurationPlatforms) = preSolution
		Debug|Any CPU = Debug|Any CPU
		Release|Any CPU = Release|Any CPU
	EndGlobalSection
	GlobalSection(ProjectConfigurationPlatforms) = postSolution
		{6EE86E4C-84D9-4E4F-A676-73465260721D}.Debug|Any CPU.ActiveCfg = Debug|Any CPU
		{6EE86E4C-84D9-4E4F-A676-73465260721D}.Debug|Any CPU.Build.0 = Debug|Any CPU
		{6EE86E4C-84D9-4E4F-A676-73465260721D}.Release|Any CPU.ActiveCfg = Release|Any CPU
		{6EE86E4C-84D9-4E4F-A676-73465260721D}.Release|Any CPU.Build.0 = Release|Any CPU
		{590184EE-A0A2-4424-BBCA-5BD388C24047}.Debug|Any CPU.ActiveCfg = Debug|Any CPU
		{590184EE-A0A2-4424-BBCA-5BD388C24047}.Debug|Any CPU.Build.0 = Debug|Any CPU
		{590184EE-A0A2-4424-BBCA-5BD388C24047}.Release|Any CPU.ActiveCfg = Release|Any CPU
		{590184EE-A0A2-4424-BBCA-5BD388C24047}.Release|Any CPU.Build.0 = Release|Any CPU
		{B690C8B9-373E-42E5-9801-B17D71160CBC}.Debug|Any CPU.ActiveCfg = Debug|Any CPU
		{B690C8B9-373E-42E5-9801-B17D71160CBC}.Debug|Any CPU.Build.0 = Debug|Any CPU
		{B690C8B9-373E-42E5-9801-B17D71160CBC}.Release|Any CPU.ActiveCfg = Release|Any CPU
		{B690C8B9-373E-42E5-9801-B17D71160CBC}.Release|Any CPU.Build.0 = Release|Any CPU
		{2D68A623-1911-406D-B38B-71960842B300}.Debug|Any CPU.ActiveCfg = Debug|Any CPU
		{2D68A623-1911-406D-B38B-71960842B300}.Debug|Any CPU.Build.0 = Debug|Any CPU
		{2D68A623-1911-406D-B38B-71960842B300}.Release|Any CPU.ActiveCfg = Release|Any CPU
		{2D68A623-1911-406D-B38B-71960842B300}.Release|Any CPU.Build.0 = Release|Any CPU
		{D4960069-0AB5-42D5-B711-722681DBCA0F}.Debug|Any CPU.ActiveCfg = Debug|Any CPU
		{D4960069-0AB5-42D5-B711-722681DBCA0F}.Debug|Any CPU.Build.0 = Debug|Any CPU
		{D4960069-0AB5-42D5-B711-722681DBCA0F}.Release|Any CPU.ActiveCfg = Release|Any CPU
		{D4960069-0AB5-42D5-B711-722681DBCA0F}.Release|Any CPU.Build.0 = Release|Any CPU
	EndGlobalSection
	GlobalSection(SolutionProperties) = preSolution
		HideSolutionNode = FALSE
	EndGlobalSection
	GlobalSection(ExtensibilityGlobals) = postSolution
		SolutionGuid = {A57DA32D-3428-4EF2-8DB5-D8A6F037F8C5}
	EndGlobalSection
EndGlobal
